# This file was autogenerated by Stack.
# You should not edit this file by hand.
# For more information, please see the documentation at:
#   https://docs.haskellstack.org/en/stable/topics/lock_files

packages:
- completed:
    name: gitlab-api-http-client
    pantry-tree:
      sha256: 4fa51bc0bd0ea7bac0e564f1796ad72346ab2ca486cefbd178d752dc3c80e3db
      size: 323
    sha256: d1712bfc7930997a8793a082bb3a3c97440c40d86e3685879cff3e503efc79ff
    size: 23913
    subdir: gitlab-api-http-client
    url: https://github.com/L7R7/gitlab-api/archive/44c8a21ebe7607cfcf1bd74c2610e47f5df783fd.tar.gz
    version: 0.0.0.1
  original:
    subdir: gitlab-api-http-client
    url: https://github.com/L7R7/gitlab-api/archive/44c8a21ebe7607cfcf1bd74c2610e47f5df783fd.tar.gz
- completed:
    name: gitlab-api-http-client-mtl
    pantry-tree:
      sha256: 282e923792c3b6f3aac5870d503b15b0d8b7c3f09f7cc97e01878121914711bf
      size: 195
    sha256: d1712bfc7930997a8793a082bb3a3c97440c40d86e3685879cff3e503efc79ff
    size: 23913
    subdir: gitlab-api-http-client-mtl
    url: https://github.com/L7R7/gitlab-api/archive/44c8a21ebe7607cfcf1bd74c2610e47f5df783fd.tar.gz
    version: 0.0.0.1
  original:
    subdir: gitlab-api-http-client-mtl
    url: https://github.com/L7R7/gitlab-api/archive/44c8a21ebe7607cfcf1bd74c2610e47f5df783fd.tar.gz
- completed:
    name: gitlab-api-types
    pantry-tree:
      sha256: da72f92455a70bbd0e5248352dd61adf81b5525435ec2ad00e36be24c3a53236
      size: 725
    sha256: d1712bfc7930997a8793a082bb3a3c97440c40d86e3685879cff3e503efc79ff
    size: 23913
    subdir: gitlab-api-types
    url: https://github.com/L7R7/gitlab-api/archive/44c8a21ebe7607cfcf1bd74c2610e47f5df783fd.tar.gz
    version: 0.0.0.1
  original:
    subdir: gitlab-api-types
    url: https://github.com/L7R7/gitlab-api/archive/44c8a21ebe7607cfcf1bd74c2610e47f5df783fd.tar.gz
- completed:
    name: opt-env-conf
    pantry-tree:
      sha256: e64053928fc8ac59bea91dc9834f79d2c931fa4bd539eb8c37e2e5b53f643d10
      size: 1368
    sha256: 4696c206495f595f976106ef38e158ddcaedc824e029a1e0bc7367823d204d17
    size: 105400
    subdir: opt-env-conf
    url: https://github.com/NorfairKing/opt-env-conf/archive/765d221a8cce565bf35e6b6707d371f1e53347b2.tar.gz
    version: 0.9.0.0
  original:
    subdir: opt-env-conf
    url: https://github.com/NorfairKing/opt-env-conf/archive/765d221a8cce565bf35e6b6707d371f1e53347b2.tar.gz
- completed:
    name: opt-env-conf-test
    pantry-tree:
      sha256: 0fca0be42239dede39ea9268871f53755f820ccd1b45ce0fd85f55f14c951444
      size: 28172
    sha256: 4696c206495f595f976106ef38e158ddcaedc824e029a1e0bc7367823d204d17
    size: 105400
    subdir: opt-env-conf-test
    url: https://github.com/NorfairKing/opt-env-conf/archive/765d221a8cce565bf35e6b6707d371f1e53347b2.tar.gz
    version: 0.0.0.2
  original:
    subdir: opt-env-conf-test
    url: https://github.com/NorfairKing/opt-env-conf/archive/765d221a8cce565bf35e6b6707d371f1e53347b2.tar.gz
- completed:
    name: safe-coloured-text
    pantry-tree:
      sha256: d7bbf3dbbc8b69a423d3d3d8c111dc4efd343b4bdcf2962266695819a3cdd4a9
      size: 530
    sha256: d709c7bf6f62e947248af470f3a22310a45726fb0bf6624f66a0bf02c1bcaca0
    size: 39203
    subdir: safe-coloured-text
    url: https://github.com/NorfairKing/safe-coloured-text/archive/67d285394231ab6ec0c6dce5551f546edf8719fc.tar.gz
    version: 0.3.0.2
  original:
    subdir: safe-coloured-text
    url: https://github.com/NorfairKing/safe-coloured-text/archive/67d285394231ab6ec0c6dce5551f546edf8719fc.tar.gz
- completed:
    name: safe-coloured-text-layout
    pantry-tree:
      sha256: d5b9b48716bb7ca96eae52d91aa64265eeb4aa0659d0838ffbb353947972465e
      size: 344
    sha256: d709c7bf6f62e947248af470f3a22310a45726fb0bf6624f66a0bf02c1bcaca0
    size: 39203
    subdir: safe-coloured-text-layout
    url: https://github.com/NorfairKing/safe-coloured-text/archive/67d285394231ab6ec0c6dce5551f546edf8719fc.tar.gz
    version: 0.2.0.1
  original:
    subdir: safe-coloured-text-layout
    url: https://github.com/NorfairKing/safe-coloured-text/archive/67d285394231ab6ec0c6dce5551f546edf8719fc.tar.gz
- completed:
    name: safe-coloured-text-gen
    pantry-tree:
      sha256: 54781907c6bc14e5eda07b4b0f8a7037c982cbc65fb33b6adcba02fdf413e7d4
      size: 8960
    sha256: d709c7bf6f62e947248af470f3a22310a45726fb0bf6624f66a0bf02c1bcaca0
    size: 39203
    subdir: safe-coloured-text-gen
    url: https://github.com/NorfairKing/safe-coloured-text/archive/67d285394231ab6ec0c6dce5551f546edf8719fc.tar.gz
    version: 0.0.0.3
  original:
    subdir: safe-coloured-text-gen
    url: https://github.com/NorfairKing/safe-coloured-text/archive/67d285394231ab6ec0c6dce5551f546edf8719fc.tar.gz
- completed:
    name: autodocodec
    pantry-tree:
      sha256: ffa0a58cfe46ff16b833bddb814837e86e6b1e409a718d48c9a496d72abac39d
      size: 914
    sha256: 33cb89b1f1ccf69c33c124cd6a6546db177e4cdddb9d8d818e7dae005788d35f
    size: 109528
    subdir: autodocodec
    url: https://github.com/NorfairKing/autodocodec/archive/3dbe8d515c9fc0fe6313dfe92e9db1f4af4c50a3.tar.gz
    version: 0.5.0.0
  original:
    subdir: autodocodec
    url: https://github.com/NorfairKing/autodocodec/archive/3dbe8d515c9fc0fe6313dfe92e9db1f4af4c50a3.tar.gz
- completed:
    name: autodocodec-yaml
    pantry-tree:
      sha256: af90e7449671702d46cb4cb5633e58bdebff9ae957be6f9a23fd2905fe0d5fea
      size: 592
    sha256: 33cb89b1f1ccf69c33c124cd6a6546db177e4cdddb9d8d818e7dae005788d35f
    size: 109528
    subdir: autodocodec-yaml
    url: https://github.com/NorfairKing/autodocodec/archive/3dbe8d515c9fc0fe6313dfe92e9db1f4af4c50a3.tar.gz
    version: 0.4.0.2
  original:
    subdir: autodocodec-yaml
    url: https://github.com/NorfairKing/autodocodec/archive/3dbe8d515c9fc0fe6313dfe92e9db1f4af4c50a3.tar.gz
- completed:
    name: autodocodec-nix
    pantry-tree:
      sha256: 06749946c1e3396c0a55034b3543e8dd63ae1c78a852b1820a7e4c2bcb3c1e59
      size: 595
    sha256: 33cb89b1f1ccf69c33c124cd6a6546db177e4cdddb9d8d818e7dae005788d35f
    size: 109528
    subdir: autodocodec-nix
    url: https://github.com/NorfairKing/autodocodec/archive/3dbe8d515c9fc0fe6313dfe92e9db1f4af4c50a3.tar.gz
    version: 0.1.0.0
  original:
    subdir: autodocodec-nix
    url: https://github.com/NorfairKing/autodocodec/archive/3dbe8d515c9fc0fe6313dfe92e9db1f4af4c50a3.tar.gz
- completed:
    name: autodocodec-schema
    pantry-tree:
      sha256: 15a412b470f3dfc446ddf067da7e537acb337e3aadd22a588389ba1ec28e8cea
      size: 387
    sha256: 33cb89b1f1ccf69c33c124cd6a6546db177e4cdddb9d8d818e7dae005788d35f
    size: 109528
    subdir: autodocodec-schema
    url: https://github.com/NorfairKing/autodocodec/archive/3dbe8d515c9fc0fe6313dfe92e9db1f4af4c50a3.tar.gz
    version: 0.2.0.1
  original:
    subdir: autodocodec-schema
    url: https://github.com/NorfairKing/autodocodec/archive/3dbe8d515c9fc0fe6313dfe92e9db1f4af4c50a3.tar.gz
snapshots:
- completed:
    sha256: 400dfb2174640dd2f9f2ba7cbf9148699f2380ab64faa46f4be298a5d6205316
    size: 684057
    url: https://raw.githubusercontent.com/commercialhaskell/stackage-snapshots/master/lts/23/24.yaml
  original: lts-23.24
