# This file was autogenerated by Stack.
# You should not edit this file by hand.
# For more information, please see the documentation at:
#   https://docs.haskellstack.org/en/stable/lock_files

packages:
- completed:
    name: gitlab-api-http-client
    pantry-tree:
      sha256: ba41d94e0da3f64b9883530667de2d8772e685776f7a9b56a08eecb3e1732c1c
      size: 323
    sha256: b791d986aa0517284331d591d03ffdca7be5ad9ad16d8d1870501438d1ff7c05
    size: 23056
    subdir: gitlab-api-http-client
    url: https://github.com/L7R7/gitlab-api/archive/abff91cfa00788d28f57847aa7b28ad1d4f4a963.tar.gz
    version: 0.0.0.1
  original:
    subdir: gitlab-api-http-client
    url: https://github.com/L7R7/gitlab-api/archive/abff91cfa00788d28f57847aa7b28ad1d4f4a963.tar.gz
- completed:
    name: gitlab-api-http-client-mtl
    pantry-tree:
      sha256: aaa8533e8c0d775331eb6adf4be515ad6ce5085ae952ecf4cc4788f3e2432653
      size: 195
    sha256: b791d986aa0517284331d591d03ffdca7be5ad9ad16d8d1870501438d1ff7c05
    size: 23056
    subdir: gitlab-api-http-client-mtl
    url: https://github.com/L7R7/gitlab-api/archive/abff91cfa00788d28f57847aa7b28ad1d4f4a963.tar.gz
    version: 0.0.0.1
  original:
    subdir: gitlab-api-http-client-mtl
    url: https://github.com/L7R7/gitlab-api/archive/abff91cfa00788d28f57847aa7b28ad1d4f4a963.tar.gz
- completed:
    name: gitlab-api-types
    pantry-tree:
      sha256: 6cf943f17c29a9e25f786446d2d1192d469a1a7208114c40b0db39dcadc77448
      size: 725
    sha256: b791d986aa0517284331d591d03ffdca7be5ad9ad16d8d1870501438d1ff7c05
    size: 23056
    subdir: gitlab-api-types
    url: https://github.com/L7R7/gitlab-api/archive/abff91cfa00788d28f57847aa7b28ad1d4f4a963.tar.gz
    version: 0.0.0.1
  original:
    subdir: gitlab-api-types
    url: https://github.com/L7R7/gitlab-api/archive/abff91cfa00788d28f57847aa7b28ad1d4f4a963.tar.gz
snapshots:
- completed:
    sha256: 098936027eaa1ef14e2b8eb39d9933a973894bb70a68684a1bbf00730249879b
    size: 720001
    url: https://raw.githubusercontent.com/commercialhaskell/stackage-snapshots/master/lts/22/33.yaml
  original: lts-22.33
